<?xml version="1.0" encoding="utf-8"?>
<Project ToolsVersion="4.0" xmlns="http://schemas.microsoft.com/developer/msbuild/2003">
  <ItemGroup>
    <ClInclude Include="se\Graphics\Window.h">
      <Filter>src\Graphics</Filter>
    </ClInclude>
    <ClInclude Include="stdafx.h" />
    <ClInclude Include="se\engine.h">
      <Filter>src</Filter>
    </ClInclude>
    <ClInclude Include="se\Graphics\Graphics.h">
      <Filter>src\Graphics</Filter>
    </ClInclude>
    <ClInclude Include="se\Graphics\GraphicsContext.h">
      <Filter>src\Graphics</Filter>
    </ClInclude>
    <ClInclude Include="se\Common.h">
      <Filter>src</Filter>
    </ClInclude>
    <ClInclude Include="se\Graphics\Material.h">
      <Filter>src\Graphics</Filter>
    </ClInclude>
    <ClInclude Include="se\Graphics\MeshResource.h">
      <Filter>src\Graphics</Filter>
    </ClInclude>
    <ClInclude Include="se\Graphics\Shader.h">
      <Filter>src\Graphics</Filter>
    </ClInclude>
    <ClInclude Include="se\Graphics\GraphicsCommon.h">
      <Filter>src\Graphics</Filter>
    </ClInclude>
    <ClInclude Include="se\Math\Math.h">
      <Filter>src\Math</Filter>
    </ClInclude>
    <ClInclude Include="thirdparty\picojson\picojson.h">
      <Filter>thirdparty\picojson</Filter>
    </ClInclude>
    <ClInclude Include="se\async\Threading.h">
      <Filter>src\Async</Filter>
    </ClInclude>
    <ClInclude Include="se\async\Atomic.h">
      <Filter>src\Async</Filter>
    </ClInclude>
    <ClInclude Include="se\async\Async.h">
      <Filter>src\Async</Filter>
    </ClInclude>
    <ClInclude Include="C:\Users\Hiroki Morishita\Desktop\tinyobjloader-master\tiny_obj_loader.h">
      <Filter>thirdparty\tinyobjloader</Filter>
    </ClInclude>
    <ClInclude Include="thirdparty\imgui\imgui_internal.h">
      <Filter>thirdparty\imgui</Filter>
    </ClInclude>
    <ClInclude Include="thirdparty\imgui\stb_rect_pack.h">
      <Filter>thirdparty\imgui</Filter>
    </ClInclude>
    <ClInclude Include="thirdparty\imgui\stb_textedit.h">
      <Filter>thirdparty\imgui</Filter>
    </ClInclude>
    <ClInclude Include="thirdparty\imgui\stb_truetype.h">
      <Filter>thirdparty\imgui</Filter>
    </ClInclude>
    <ClInclude Include="thirdparty\imgui\imconfig.h">
      <Filter>thirdparty\imgui</Filter>
    </ClInclude>
    <ClInclude Include="thirdparty\imgui\imgui.h">
      <Filter>thirdparty\imgui</Filter>
    </ClInclude>
    <ClInclude Include="se\Debug\ImplImgui.h">
      <Filter>src\Debug</Filter>
    </ClInclude>
    <ClInclude Include="se\HID\Mouse.h">
      <Filter>src\HID</Filter>
    </ClInclude>
    <ClInclude Include="se\HID\HIDCore.h">
      <Filter>src\HID</Filter>
    </ClInclude>
    <ClInclude Include="se\Graphics\GraphicsStates.h">
      <Filter>src\Graphics</Filter>
    </ClInclude>
    <ClInclude Include="se\Graphics\DDSTextureLoader.h">
      <Filter>src\Graphics</Filter>
    </ClInclude>
    <ClInclude Include="se\Graphics\GPUBuffer.h">
      <Filter>src\Graphics</Filter>
    </ClInclude>
    <ClInclude Include="se\Graphics\GraphicsCore.h">
      <Filter>src\Graphics</Filter>
    </ClInclude>
    <ClInclude Include="se\Graphics\GPUProfiler.h">
      <Filter>src\Graphics</Filter>
    </ClInclude>
  </ItemGroup>
  <ItemGroup>
    <ClCompile Include="se\Graphics\Window.cpp">
      <Filter>src\Graphics</Filter>
    </ClCompile>
    <ClCompile Include="stdafx.cpp" />
    <ClCompile Include="se\Graphics\GraphicsContext.cpp">
      <Filter>src\Graphics</Filter>
    </ClCompile>
    <ClCompile Include="se\Graphics\Material.cpp">
      <Filter>src\Graphics</Filter>
    </ClCompile>
    <ClCompile Include="se\Graphics\MeshResource.cpp">
      <Filter>src\Graphics</Filter>
    </ClCompile>
    <ClCompile Include="se\Graphics\Shader.cpp">
      <Filter>src\Graphics</Filter>
    </ClCompile>
    <ClCompile Include="thirdparty\imgui\imgui_draw.cpp">
      <Filter>thirdparty\imgui</Filter>
    </ClCompile>
    <ClCompile Include="thirdparty\imgui\imgui.cpp">
      <Filter>thirdparty\imgui</Filter>
    </ClCompile>
    <ClCompile Include="se\Debug\ImplImgui.cpp">
      <Filter>src\Debug</Filter>
    </ClCompile>
    <ClCompile Include="se\HID\Mouse.cpp">
      <Filter>src\HID</Filter>
    </ClCompile>
    <ClCompile Include="se\HID\HIDCore.cpp">
      <Filter>src\HID</Filter>
    </ClCompile>
    <ClCompile Include="se\Graphics\DDSTextureLoader.cpp">
      <Filter>src\Graphics</Filter>
    </ClCompile>
    <ClCompile Include="se\Graphics\GPUBuffer.cpp">
      <Filter>src\Graphics</Filter>
    </ClCompile>
    <ClCompile Include="se\Graphics\GraphicsCore.cpp">
      <Filter>src\Graphics</Filter>
    </ClCompile>
    <ClCompile Include="se\Graphics\GraphicsStates.cpp">
      <Filter>src\Graphics</Filter>
    </ClCompile>
    <ClCompile Include="se\Graphics\GPUProfiler.cpp">
      <Filter>src\Graphics</Filter>
    </ClCompile>
  </ItemGroup>
  <ItemGroup>
    <Filter Include="src">
      <UniqueIdentifier>{8732a371-75ea-4005-9740-b5effd8885bc}</UniqueIdentifier>
    </Filter>
    <Filter Include="src\Graphics">
      <UniqueIdentifier>{f72baec5-5194-4cb5-b5ac-8ffd4217e367}</UniqueIdentifier>
    </Filter>
    <Filter Include="src\Math">
      <UniqueIdentifier>{acab3b97-9c1c-4f95-91ab-39ed5856738b}</UniqueIdentifier>
    </Filter>
    <Filter Include="thirdparty">
      <UniqueIdentifier>{207941ee-bf02-4ec4-ac93-fd44c6fe577c}</UniqueIdentifier>
    </Filter>
    <Filter Include="thirdparty\picojson">
      <UniqueIdentifier>{41e340f1-2639-4969-bc4d-aca5ec94e7f1}</UniqueIdentifier>
    </Filter>
    <Filter Include="src\Async">
      <UniqueIdentifier>{ae15cbad-616c-4506-8a2b-f7fdc6813c5a}</UniqueIdentifier>
    </Filter>
    <Filter Include="thirdparty\tinyobjloader">
      <UniqueIdentifier>{15e157f2-4ab6-48d1-a966-6426dc47ed4e}</UniqueIdentifier>
    </Filter>
    <Filter Include="thirdparty\imgui">
      <UniqueIdentifier>{c9837afe-f63d-44e9-9b0d-e01f017bfaf2}</UniqueIdentifier>
    </Filter>
    <Filter Include="src\Debug">
      <UniqueIdentifier>{0d0bb1d0-1ed3-4ffe-8227-0191cb96fa41}</UniqueIdentifier>
    </Filter>
    <Filter Include="src\HID">
      <UniqueIdentifier>{8d0e3912-3472-4b06-92ae-c7947562e068}</UniqueIdentifier>
    </Filter>
  </ItemGroup>
</Project>